
Microsoft Visual Studio Solution File, Format Version 12.00
# Visual Studio 2013
VisualStudioVersion = 12.0.30324.0
MinimumVisualStudioVersion = 10.0.40219.1
Project("{FAE04EC0-301F-11D3-BF4B-00C04F79EFBC}") = "WebFormsBasic", "WebFormsBasic\WebFormsBasic.csproj", "{58EFF4B1-DE99-41B4-BF2E-4B2F7A09906E}"
EndProject
Project("{FAE04EC0-301F-11D3-BF4B-00C04F79EFBC}") = "_TemplatePack", "_TemplatePack\_TemplatePack.csproj", "{2C795407-EB63-433D-AC0E-CA73E24AF16D}"
EndProject
Global
	GlobalSection(SolutionConfigurationPlatforms) = preSolution
		Debug|Any CPU = Debug|Any CPU
		Release|Any CPU = Release|Any CPU
	EndGlobalSection
	GlobalSection(ProjectConfigurationPlatforms) = postSolution
		{58EFF4B1-DE99-41B4-BF2E-4B2F7A09906E}.Debug|Any CPU.ActiveCfg = Debug|Any CPU
		{58EFF4B1-DE99-41B4-BF2E-4B2F7A09906E}.Debug|Any CPU.Build.0 = Debug|Any CPU
		{58EFF4B1-DE99-41B4-BF2E-4B2F7A09906E}.Release|Any CPU.ActiveCfg = Release|Any CPU
		{58EFF4B1-DE99-41B4-BF2E-4B2F7A09906E}.Release|Any CPU.Build.0 = Release|Any CPU
		{2C795407-EB63-433D-AC0E-CA73E24AF16D}.Debug|Any CPU.ActiveCfg = Debug|Any CPU
		{2C795407-EB63-433D-AC0E-CA73E24AF16D}.Debug|Any CPU.Build.0 = Debug|Any CPU
		{2C795407-EB63-433D-AC0E-CA73E24AF16D}.Release|Any CPU.ActiveCfg = Release|Any CPU
		{2C795407-EB63-433D-AC0E-CA73E24AF16D}.Release|Any CPU.Build.0 = Release|Any CPU
	EndGlobalSection
	GlobalSection(SolutionProperties) = preSolution
		HideSolutionNode = FALSE
	EndGlobalSection
EndGlobal
